
Microsoft Visual Studio Solution File, Format Version 12.00
Project("{FAE04EC0-301F-11D3-BF4B-00C04F79EFBC}") = "Tournaments", "Tournaments\Tournaments.csproj", "{6B9B0138-E500-4DCA-BA31-B65DCAF32AC7}"
EndProject
Project("{FAE04EC0-301F-11D3-BF4B-00C04F79EFBC}") = "TournamentUnit.Tests", "TournamentUnit.Tests\TournamentUnit.Tests.csproj", "{3ACE1987-8E0D-4E5A-89DA-154D50932499}"
EndProject
Project("{FAE04EC0-301F-11D3-BF4B-00C04F79EFBC}") = "Enums", "Enums\Enums.csproj", "{419A99A3-BAED-4276-9DFD-CCDE1015CB05}"
EndProject
Project("{FAE04EC0-301F-11D3-BF4B-00C04F79EFBC}") = "Models", "Models\Models.csproj", "{5B06A221-8B0B-4ED8-B4D9-56F6EEC0FEBD}"
EndProject
Project("{FAE04EC0-301F-11D3-BF4B-00C04F79EFBC}") = "Configuration", "Configuration\Configuration.csproj", "{2003B288-54E5-45B3-A10B-88378961C99E}"
EndProject
Project("{FAE04EC0-301F-11D3-BF4B-00C04F79EFBC}") = "Processors", "Processors\Processors.csproj", "{2AA62152-4600-4401-B0DB-DA017BACFBC6}"
EndProject
Project("{2150E333-8FDC-42A3-9474-1A3956D46DE8}") = "lib", "lib", "{D1191693-813A-4434-8B12-3941F1BA3398}"
EndProject
Project("{2150E333-8FDC-42A3-9474-1A3956D46DE8}") = "main", "main", "{FABC004F-69A3-48AE-887B-64F7620FFCB2}"
EndProject
Project("{2150E333-8FDC-42A3-9474-1A3956D46DE8}") = "UnitTests", "UnitTests", "{9EFE2438-7B5F-4E38-99AB-A35388A1A184}"
EndProject
Project("{FAE04EC0-301F-11D3-BF4B-00C04F79EFBC}") = "Logger", "Logger\Logger.csproj", "{5D3F1B1D-79AC-4E76-A9A9-342169367E31}"
EndProject
Global
	GlobalSection(SolutionConfigurationPlatforms) = preSolution
		Debug|Any CPU = Debug|Any CPU
		Release|Any CPU = Release|Any CPU
	EndGlobalSection
	GlobalSection(ProjectConfigurationPlatforms) = postSolution
		{6B9B0138-E500-4DCA-BA31-B65DCAF32AC7}.Debug|Any CPU.ActiveCfg = Debug|Any CPU
		{6B9B0138-E500-4DCA-BA31-B65DCAF32AC7}.Debug|Any CPU.Build.0 = Debug|Any CPU
		{6B9B0138-E500-4DCA-BA31-B65DCAF32AC7}.Release|Any CPU.ActiveCfg = Release|Any CPU
		{6B9B0138-E500-4DCA-BA31-B65DCAF32AC7}.Release|Any CPU.Build.0 = Release|Any CPU
		{3ACE1987-8E0D-4E5A-89DA-154D50932499}.Debug|Any CPU.ActiveCfg = Debug|Any CPU
		{3ACE1987-8E0D-4E5A-89DA-154D50932499}.Debug|Any CPU.Build.0 = Debug|Any CPU
		{3ACE1987-8E0D-4E5A-89DA-154D50932499}.Release|Any CPU.ActiveCfg = Release|Any CPU
		{3ACE1987-8E0D-4E5A-89DA-154D50932499}.Release|Any CPU.Build.0 = Release|Any CPU
		{419A99A3-BAED-4276-9DFD-CCDE1015CB05}.Debug|Any CPU.ActiveCfg = Debug|Any CPU
		{419A99A3-BAED-4276-9DFD-CCDE1015CB05}.Debug|Any CPU.Build.0 = Debug|Any CPU
		{419A99A3-BAED-4276-9DFD-CCDE1015CB05}.Release|Any CPU.ActiveCfg = Release|Any CPU
		{419A99A3-BAED-4276-9DFD-CCDE1015CB05}.Release|Any CPU.Build.0 = Release|Any CPU
		{5B06A221-8B0B-4ED8-B4D9-56F6EEC0FEBD}.Debug|Any CPU.ActiveCfg = Debug|Any CPU
		{5B06A221-8B0B-4ED8-B4D9-56F6EEC0FEBD}.Debug|Any CPU.Build.0 = Debug|Any CPU
		{5B06A221-8B0B-4ED8-B4D9-56F6EEC0FEBD}.Release|Any CPU.ActiveCfg = Release|Any CPU
		{5B06A221-8B0B-4ED8-B4D9-56F6EEC0FEBD}.Release|Any CPU.Build.0 = Release|Any CPU
		{2003B288-54E5-45B3-A10B-88378961C99E}.Debug|Any CPU.ActiveCfg = Debug|Any CPU
		{2003B288-54E5-45B3-A10B-88378961C99E}.Debug|Any CPU.Build.0 = Debug|Any CPU
		{2003B288-54E5-45B3-A10B-88378961C99E}.Release|Any CPU.ActiveCfg = Release|Any CPU
		{2003B288-54E5-45B3-A10B-88378961C99E}.Release|Any CPU.Build.0 = Release|Any CPU
		{2AA62152-4600-4401-B0DB-DA017BACFBC6}.Debug|Any CPU.ActiveCfg = Debug|Any CPU
		{2AA62152-4600-4401-B0DB-DA017BACFBC6}.Debug|Any CPU.Build.0 = Debug|Any CPU
		{2AA62152-4600-4401-B0DB-DA017BACFBC6}.Release|Any CPU.ActiveCfg = Release|Any CPU
		{2AA62152-4600-4401-B0DB-DA017BACFBC6}.Release|Any CPU.Build.0 = Release|Any CPU
		{5D3F1B1D-79AC-4E76-A9A9-342169367E31}.Debug|Any CPU.ActiveCfg = Debug|Any CPU
		{5D3F1B1D-79AC-4E76-A9A9-342169367E31}.Debug|Any CPU.Build.0 = Debug|Any CPU
		{5D3F1B1D-79AC-4E76-A9A9-342169367E31}.Release|Any CPU.ActiveCfg = Release|Any CPU
		{5D3F1B1D-79AC-4E76-A9A9-342169367E31}.Release|Any CPU.Build.0 = Release|Any CPU
	EndGlobalSection
	GlobalSection(NestedProjects) = preSolution
		{2003B288-54E5-45B3-A10B-88378961C99E} = {D1191693-813A-4434-8B12-3941F1BA3398}
		{419A99A3-BAED-4276-9DFD-CCDE1015CB05} = {D1191693-813A-4434-8B12-3941F1BA3398}
		{5B06A221-8B0B-4ED8-B4D9-56F6EEC0FEBD} = {D1191693-813A-4434-8B12-3941F1BA3398}
		{2AA62152-4600-4401-B0DB-DA017BACFBC6} = {D1191693-813A-4434-8B12-3941F1BA3398}
		{6B9B0138-E500-4DCA-BA31-B65DCAF32AC7} = {FABC004F-69A3-48AE-887B-64F7620FFCB2}
		{3ACE1987-8E0D-4E5A-89DA-154D50932499} = {9EFE2438-7B5F-4E38-99AB-A35388A1A184}
		{5D3F1B1D-79AC-4E76-A9A9-342169367E31} = {D1191693-813A-4434-8B12-3941F1BA3398}
	EndGlobalSection
EndGlobal
